
Microsoft Visual Studio Solution File, Format Version 12.00
# Visual Studio Version 16
VisualStudioVersion = 16.0.33529.622
MinimumVisualStudioVersion = 10.0.40219.1
Project("{FAE04EC0-301F-11D3-BF4B-00C04F79EFBC}") = "Kalkulator brodi", "Kalkulator brodi\Kalkulator brodi.csproj", "{6E8E2607-E6C7-4620-AD26-324D2CDD1CE6}"
EndProject
Global
	GlobalSection(SolutionConfigurationPlatforms) = preSolution
		Debug|Any CPU = Debug|Any CPU
		Release|Any CPU = Release|Any CPU
	EndGlobalSection
	GlobalSection(ProjectConfigurationPlatforms) = postSolution
		{6E8E2607-E6C7-4620-AD26-324D2CDD1CE6}.Debug|Any CPU.ActiveCfg = Debug|Any CPU
		{6E8E2607-E6C7-4620-AD26-324D2CDD1CE6}.Debug|Any CPU.Build.0 = Debug|Any CPU
		{6E8E2607-E6C7-4620-AD26-324D2CDD1CE6}.Release|Any CPU.ActiveCfg = Release|Any CPU
		{6E8E2607-E6C7-4620-AD26-324D2CDD1CE6}.Release|Any CPU.Build.0 = Release|Any CPU
	EndGlobalSection
	GlobalSection(SolutionProperties) = preSolution
		HideSolutionNode = FALSE
	EndGlobalSection
	GlobalSection(ExtensibilityGlobals) = postSolution
		SolutionGuid = {852A1C21-FAF6-4B30-AD9D-0BB2957DB19B}
	EndGlobalSection
EndGlobal
